
Microsoft Visual Studio Solution File, Format Version 12.00
# Visual Studio Version 17
VisualStudioVersion = 17.3.32901.215
MinimumVisualStudioVersion = 10.0.40219.1
Project("{FAE04EC0-301F-11D3-BF4B-00C04F79EFBC}") = "Урок по гит хабу", "Урок по гит хабу.csproj", "{4ED704E7-7D49-44C4-8058-2240FA2F8B0A}"
EndProject
Global
	GlobalSection(SolutionConfigurationPlatforms) = preSolution
		Debug|Any CPU = Debug|Any CPU
		Release|Any CPU = Release|Any CPU
	EndGlobalSection
	GlobalSection(ProjectConfigurationPlatforms) = postSolution
		{4ED704E7-7D49-44C4-8058-2240FA2F8B0A}.Debug|Any CPU.ActiveCfg = Debug|Any CPU
		{4ED704E7-7D49-44C4-8058-2240FA2F8B0A}.Debug|Any CPU.Build.0 = Debug|Any CPU
		{4ED704E7-7D49-44C4-8058-2240FA2F8B0A}.Release|Any CPU.ActiveCfg = Release|Any CPU
		{4ED704E7-7D49-44C4-8058-2240FA2F8B0A}.Release|Any CPU.Build.0 = Release|Any CPU
	EndGlobalSection
	GlobalSection(SolutionProperties) = preSolution
		HideSolutionNode = FALSE
	EndGlobalSection
	GlobalSection(ExtensibilityGlobals) = postSolution
		SolutionGuid = {1721C29A-EECA-4AED-AB3D-386398F79F83}
	EndGlobalSection
EndGlobal
